// !$*UTF8*$!
{
	archiveVersion = 1;
	classes = {
	};
	objectVersion = 56;
	objects = {

/* Begin PBXBuildFile section */
		0377DAC129A01984006A6A76 /* lunchscreenwithanimation.swift in Sources */ = {isa = PBXBuildFile; fileRef = 0377DAC029A01984006A6A76 /* lunchscreenwithanimation.swift */; };
		03814B83297ED0D000369F99 /* AppDelegate.swift in Sources */ = {isa = PBXBuildFile; fileRef = 03814B82297ED0D000369F99 /* AppDelegate.swift */; };
		03814B85297ED0D000369F99 /* SceneDelegate.swift in Sources */ = {isa = PBXBuildFile; fileRef = 03814B84297ED0D000369F99 /* SceneDelegate.swift */; };
		03814B87297ED0D000369F99 /* ViewController.swift in Sources */ = {isa = PBXBuildFile; fileRef = 03814B86297ED0D000369F99 /* ViewController.swift */; };
		03814B8A297ED0D000369F99 /* Main.storyboard in Resources */ = {isa = PBXBuildFile; fileRef = 03814B88297ED0D000369F99 /* Main.storyboard */; };
		03814B8D297ED0D000369F99 /* EmojiTable.xcdatamodeld in Sources */ = {isa = PBXBuildFile; fileRef = 03814B8B297ED0D000369F99 /* EmojiTable.xcdatamodeld */; };
		03814B8F297ED0D200369F99 /* Assets.xcassets in Resources */ = {isa = PBXBuildFile; fileRef = 03814B8E297ED0D200369F99 /* Assets.xcassets */; };
		03814B92297ED0D200369F99 /* LaunchScreen.storyboard in Resources */ = {isa = PBXBuildFile; fileRef = 03814B90297ED0D200369F99 /* LaunchScreen.storyboard */; };
		03814B9D297ED0D300369F99 /* EmojiTableTests.swift in Sources */ = {isa = PBXBuildFile; fileRef = 03814B9C297ED0D300369F99 /* EmojiTableTests.swift */; };
		03814BA7297ED0D300369F99 /* EmojiTableUITests.swift in Sources */ = {isa = PBXBuildFile; fileRef = 03814BA6297ED0D300369F99 /* EmojiTableUITests.swift */; };
		03814BA9297ED0D300369F99 /* EmojiTableUITestsLaunchTests.swift in Sources */ = {isa = PBXBuildFile; fileRef = 03814BA8297ED0D300369F99 /* EmojiTableUITestsLaunchTests.swift */; };
		03814BB6297ED0E800369F99 /* Emojy.swift in Sources */ = {isa = PBXBuildFile; fileRef = 03814BB5297ED0E800369F99 /* Emojy.swift */; };
		03814BB8297ED16100369F99 /* EmojyTableViewController.swift in Sources */ = {isa = PBXBuildFile; fileRef = 03814BB7297ED16100369F99 /* EmojyTableViewController.swift */; };
		03814BBC297EF11C00369F99 /* emojiTableViewCell.swift in Sources */ = {isa = PBXBuildFile; fileRef = 03814BBB297EF11C00369F99 /* emojiTableViewCell.swift */; };
		03814BBE297EF42200369F99 /* AddeditStatTable.swift in Sources */ = {isa = PBXBuildFile; fileRef = 03814BBD297EF42200369F99 /* AddeditStatTable.swift */; };
/* End PBXBuildFile section */

/* Begin PBXContainerItemProxy section */
		03814B99297ED0D300369F99 /* PBXContainerItemProxy */ = {
			isa = PBXContainerItemProxy;
			containerPortal = 03814B77297ED0D000369F99 /* Project object */;
			proxyType = 1;
			remoteGlobalIDString = 03814B7E297ED0D000369F99;
			remoteInfo = EmojiTable;
		};
		03814BA3297ED0D300369F99 /* PBXContainerItemProxy */ = {
			isa = PBXContainerItemProxy;
			containerPortal = 03814B77297ED0D000369F99 /* Project object */;
			proxyType = 1;
			remoteGlobalIDString = 03814B7E297ED0D000369F99;
			remoteInfo = EmojiTable;
		};
/* End PBXContainerItemProxy section */

/* Begin PBXFileReference section */
		0377DAC029A01984006A6A76 /* lunchscreenwithanimation.swift */ = {isa = PBXFileReference; lastKnownFileType = sourcecode.swift; path = lunchscreenwithanimation.swift; sourceTree = "<group>"; };
		03814B7F297ED0D000369F99 /* EmojiTable.app */ = {isa = PBXFileReference; explicitFileType = wrapper.application; includeInIndex = 0; path = EmojiTable.app; sourceTree = BUILT_PRODUCTS_DIR; };
		03814B82297ED0D000369F99 /* AppDelegate.swift */ = {isa = PBXFileReference; lastKnownFileType = sourcecode.swift; path = AppDelegate.swift; sourceTree = "<group>"; };
		03814B84297ED0D000369F99 /* SceneDelegate.swift */ = {isa = PBXFileReference; lastKnownFileType = sourcecode.swift; path = SceneDelegate.swift; sourceTree = "<group>"; };
		03814B86297ED0D000369F99 /* ViewController.swift */ = {isa = PBXFileReference; lastKnownFileType = sourcecode.swift; path = ViewController.swift; sourceTree = "<group>"; };
		03814B89297ED0D000369F99 /* Base */ = {isa = PBXFileReference; lastKnownFileType = file.storyboard; name = Base; path = Base.lproj/Main.storyboard; sourceTree = "<group>"; };
		03814B8C297ED0D000369F99 /* EmojiTable.xcdatamodel */ = {isa = PBXFileReference; lastKnownFileType = wrapper.xcdatamodel; path = EmojiTable.xcdatamodel; sourceTree = "<group>"; };
		03814B8E297ED0D200369F99 /* Assets.xcassets */ = {isa = PBXFileReference; lastKnownFileType = folder.assetcatalog; path = Assets.xcassets; sourceTree = "<group>"; };
		03814B91297ED0D200369F99 /* Base */ = {isa = PBXFileReference; lastKnownFileType = file.storyboard; name = Base; path = Base.lproj/LaunchScreen.storyboard; sourceTree = "<group>"; };
		03814B93297ED0D200369F99 /* Info.plist */ = {isa = PBXFileReference; lastKnownFileType = text.plist.xml; path = Info.plist; sourceTree = "<group>"; };
		03814B98297ED0D300369F99 /* EmojiTableTests.xctest */ = {isa = PBXFileReference; explicitFileType = wrapper.cfbundle; includeInIndex = 0; path = EmojiTableTests.xctest; sourceTree = BUILT_PRODUCTS_DIR; };
		03814B9C297ED0D300369F99 /* EmojiTableTests.swift */ = {isa = PBXFileReference; lastKnownFileType = sourcecode.swift; path = EmojiTableTests.swift; sourceTree = "<group>"; };
		03814BA2297ED0D300369F99 /* EmojiTableUITests.xctest */ = {isa = PBXFileReference; explicitFileType = wrapper.cfbundle; includeInIndex = 0; path = EmojiTableUITests.xctest; sourceTree = BUILT_PRODUCTS_DIR; };
		03814BA6297ED0D300369F99 /* EmojiTableUITests.swift */ = {isa = PBXFileReference; lastKnownFileType = sourcecode.swift; path = EmojiTableUITests.swift; sourceTree = "<group>"; };
		03814BA8297ED0D300369F99 /* EmojiTableUITestsLaunchTests.swift */ = {isa = PBXFileReference; lastKnownFileType = sourcecode.swift; path = EmojiTableUITestsLaunchTests.swift; sourceTree = "<group>"; };
		03814BB5297ED0E800369F99 /* Emojy.swift */ = {isa = PBXFileReference; lastKnownFileType = sourcecode.swift; path = Emojy.swift; sourceTree = "<group>"; };
		03814BB7297ED16100369F99 /* EmojyTableViewController.swift */ = {isa = PBXFileReference; lastKnownFileType = sourcecode.swift; path = EmojyTableViewController.swift; sourceTree = "<group>"; };
		03814BBB297EF11C00369F99 /* emojiTableViewCell.swift */ = {isa = PBXFileReference; lastKnownFileType = sourcecode.swift; path = emojiTableViewCell.swift; sourceTree = "<group>"; };
		03814BBD297EF42200369F99 /* AddeditStatTable.swift */ = {isa = PBXFileReference; lastKnownFileType = sourcecode.swift; path = AddeditStatTable.swift; sourceTree = "<group>"; };
/* End PBXFileReference section */

/* Begin PBXFrameworksBuildPhase section */
		03814B7C297ED0D000369F99 /* Frameworks */ = {
			isa = PBXFrameworksBuildPhase;
			buildActionMask = 2147483647;
			files = (
			);
			runOnlyForDeploymentPostprocessing = 0;
		};
		03814B95297ED0D300369F99 /* Frameworks */ = {
			isa = PBXFrameworksBuildPhase;
			buildActionMask = 2147483647;
			files = (
			);
			runOnlyForDeploymentPostprocessing = 0;
		};
		03814B9F297ED0D300369F99 /* Frameworks */ = {
			isa = PBXFrameworksBuildPhase;
			buildActionMask = 2147483647;
			files = (
			);
			runOnlyForDeploymentPostprocessing = 0;
		};
/* End PBXFrameworksBuildPhase section */

/* Begin PBXGroup section */
		03814B76297ED0D000369F99 = {
			isa = PBXGroup;
			children = (
				03814B81297ED0D000369F99 /* EmojiTable */,
				03814B9B297ED0D300369F99 /* EmojiTableTests */,
				03814BA5297ED0D300369F99 /* EmojiTableUITests */,
				03814B80297ED0D000369F99 /* Products */,
			);
			sourceTree = "<group>";
		};
		03814B80297ED0D000369F99 /* Products */ = {
			isa = PBXGroup;
			children = (
				03814B7F297ED0D000369F99 /* EmojiTable.app */,
				03814B98297ED0D300369F99 /* EmojiTableTests.xctest */,
				03814BA2297ED0D300369F99 /* EmojiTableUITests.xctest */,
			);
			name = Products;
			sourceTree = "<group>";
		};
		03814B81297ED0D000369F99 /* EmojiTable */ = {
			isa = PBXGroup;
			children = (
				03814B82297ED0D000369F99 /* AppDelegate.swift */,
				03814B84297ED0D000369F99 /* SceneDelegate.swift */,
				03814B86297ED0D000369F99 /* ViewController.swift */,
				03814B88297ED0D000369F99 /* Main.storyboard */,
				03814B8E297ED0D200369F99 /* Assets.xcassets */,
				03814B90297ED0D200369F99 /* LaunchScreen.storyboard */,
				03814B93297ED0D200369F99 /* Info.plist */,
				03814B8B297ED0D000369F99 /* EmojiTable.xcdatamodeld */,
				03814BB5297ED0E800369F99 /* Emojy.swift */,
				03814BB7297ED16100369F99 /* EmojyTableViewController.swift */,
				03814BBB297EF11C00369F99 /* emojiTableViewCell.swift */,
				03814BBD297EF42200369F99 /* AddeditStatTable.swift */,
				0377DAC029A01984006A6A76 /* lunchscreenwithanimation.swift */,
			);
			path = EmojiTable;
			sourceTree = "<group>";
		};
		03814B9B297ED0D300369F99 /* EmojiTableTests */ = {
			isa = PBXGroup;
			children = (
				03814B9C297ED0D300369F99 /* EmojiTableTests.swift */,
			);
			path = EmojiTableTests;
			sourceTree = "<group>";
		};
		03814BA5297ED0D300369F99 /* EmojiTableUITests */ = {
			isa = PBXGroup;
			children = (
				03814BA6297ED0D300369F99 /* EmojiTableUITests.swift */,
				03814BA8297ED0D300369F99 /* EmojiTableUITestsLaunchTests.swift */,
			);
			path = EmojiTableUITests;
			sourceTree = "<group>";
		};
/* End PBXGroup section */

/* Begin PBXNativeTarget section */
		03814B7E297ED0D000369F99 /* EmojiTable */ = {
			isa = PBXNativeTarget;
			buildConfigurationList = 03814BAC297ED0D300369F99 /* Build configuration list for PBXNativeTarget "EmojiTable" */;
			buildPhases = (
				03814B7B297ED0D000369F99 /* Sources */,
				03814B7C297ED0D000369F99 /* Frameworks */,
				03814B7D297ED0D000369F99 /* Resources */,
			);
			buildRules = (
			);
			dependencies = (
			);
			name = EmojiTable;
			productName = EmojiTable;
			productReference = 03814B7F297ED0D000369F99 /* EmojiTable.app */;
			productType = "com.apple.product-type.application";
		};
		03814B97297ED0D300369F99 /* EmojiTableTests */ = {
			isa = PBXNativeTarget;
			buildConfigurationList = 03814BAF297ED0D300369F99 /* Build configuration list for PBXNativeTarget "EmojiTableTests" */;
			buildPhases = (
				03814B94297ED0D300369F99 /* Sources */,
				03814B95297ED0D300369F99 /* Frameworks */,
				03814B96297ED0D300369F99 /* Resources */,
			);
			buildRules = (
			);
			dependencies = (
				03814B9A297ED0D300369F99 /* PBXTargetDependency */,
			);
			name = EmojiTableTests;
			productName = EmojiTableTests;
			productReference = 03814B98297ED0D300369F99 /* EmojiTableTests.xctest */;
			productType = "com.apple.product-type.bundle.unit-test";
		};
		03814BA1297ED0D300369F99 /* EmojiTableUITests */ = {
			isa = PBXNativeTarget;
			buildConfigurationList = 03814BB2297ED0D300369F99 /* Build configuration list for PBXNativeTarget "EmojiTableUITests" */;
			buildPhases = (
				03814B9E297ED0D300369F99 /* Sources */,
				03814B9F297ED0D300369F99 /* Frameworks */,
				03814BA0297ED0D300369F99 /* Resources */,
			);
			buildRules = (
			);
			dependencies = (
				03814BA4297ED0D300369F99 /* PBXTargetDependency */,
			);
			name = EmojiTableUITests;
			productName = EmojiTableUITests;
			productReference = 03814BA2297ED0D300369F99 /* EmojiTableUITests.xctest */;
			productType = "com.apple.product-type.bundle.ui-testing";
		};
/* End PBXNativeTarget section */

/* Begin PBXProject section */
		03814B77297ED0D000369F99 /* Project object */ = {
			isa = PBXProject;
			attributes = {
				BuildIndependentTargetsInParallel = 1;
				LastSwiftUpdateCheck = 1420;
				LastUpgradeCheck = 1420;
				TargetAttributes = {
					03814B7E297ED0D000369F99 = {
						CreatedOnToolsVersion = 14.2;
					};
					03814B97297ED0D300369F99 = {
						CreatedOnToolsVersion = 14.2;
						TestTargetID = 03814B7E297ED0D000369F99;
					};
					03814BA1297ED0D300369F99 = {
						CreatedOnToolsVersion = 14.2;
						TestTargetID = 03814B7E297ED0D000369F99;
					};
				};
			};
			buildConfigurationList = 03814B7A297ED0D000369F99 /* Build configuration list for PBXProject "EmojiTable" */;
			compatibilityVersion = "Xcode 14.0";
			developmentRegion = en;
			hasScannedForEncodings = 0;
			knownRegions = (
				en,
				Base,
			);
			mainGroup = 03814B76297ED0D000369F99;
			productRefGroup = 03814B80297ED0D000369F99 /* Products */;
			projectDirPath = "";
			projectRoot = "";
			targets = (
				03814B7E297ED0D000369F99 /* EmojiTable */,
				03814B97297ED0D300369F99 /* EmojiTableTests */,
				03814BA1297ED0D300369F99 /* EmojiTableUITests */,
			);
		};
/* End PBXProject section */

/* Begin PBXResourcesBuildPhase section */
		03814B7D297ED0D000369F99 /* Resources */ = {
			isa = PBXResourcesBuildPhase;
			buildActionMask = 2147483647;
			files = (
				03814B92297ED0D200369F99 /* LaunchScreen.storyboard in Resources */,
				03814B8F297ED0D200369F99 /* Assets.xcassets in Resources */,
				03814B8A297ED0D000369F99 /* Main.storyboard in Resources */,
			);
			runOnlyForDeploymentPostprocessing = 0;
		};
		03814B96297ED0D300369F99 /* Resources */ = {
			isa = PBXResourcesBuildPhase;
			buildActionMask = 2147483647;
			files = (
			);
			runOnlyForDeploymentPostprocessing = 0;
		};
		03814BA0297ED0D300369F99 /* Resources */ = {
			isa = PBXResourcesBuildPhase;
			buildActionMask = 2147483647;
			files = (
			);
			runOnlyForDeploymentPostprocessing = 0;
		};
/* End PBXResourcesBuildPhase section */

/* Begin PBXSourcesBuildPhase section */
		03814B7B297ED0D000369F99 /* Sources */ = {
			isa = PBXSourcesBuildPhase;
			buildActionMask = 2147483647;
			files = (
				03814BBC297EF11C00369F99 /* emojiTableViewCell.swift in Sources */,
				03814B87297ED0D000369F99 /* ViewController.swift in Sources */,
				0377DAC129A01984006A6A76 /* lunchscreenwithanimation.swift in Sources */,
				03814BB6297ED0E800369F99 /* Emojy.swift in Sources */,
				03814BB8297ED16100369F99 /* EmojyTableViewController.swift in Sources */,
				03814BBE297EF42200369F99 /* AddeditStatTable.swift in Sources */,
				03814B83297ED0D000369F99 /* AppDelegate.swift in Sources */,
				03814B85297ED0D000369F99 /* SceneDelegate.swift in Sources */,
				03814B8D297ED0D000369F99 /* EmojiTable.xcdatamodeld in Sources */,
			);
			runOnlyForDeploymentPostprocessing = 0;
		};
		03814B94297ED0D300369F99 /* Sources */ = {
			isa = PBXSourcesBuildPhase;
			buildActionMask = 2147483647;
			files = (
				03814B9D297ED0D300369F99 /* EmojiTableTests.swift in Sources */,
			);
			runOnlyForDeploymentPostprocessing = 0;
		};
		03814B9E297ED0D300369F99 /* Sources */ = {
			isa = PBXSourcesBuildPhase;
			buildActionMask = 2147483647;
			files = (
				03814BA9297ED0D300369F99 /* EmojiTableUITestsLaunchTests.swift in Sources */,
				03814BA7297ED0D300369F99 /* EmojiTableUITests.swift in Sources */,
			);
			runOnlyForDeploymentPostprocessing = 0;
		};
/* End PBXSourcesBuildPhase section */

/* Begin PBXTargetDependency section */
		03814B9A297ED0D300369F99 /* PBXTargetDependency */ = {
			isa = PBXTargetDependency;
			target = 03814B7E297ED0D000369F99 /* EmojiTable */;
			targetProxy = 03814B99297ED0D300369F99 /* PBXContainerItemProxy */;
		};
		03814BA4297ED0D300369F99 /* PBXTargetDependency */ = {
			isa = PBXTargetDependency;
			target = 03814B7E297ED0D000369F99 /* EmojiTable */;
			targetProxy = 03814BA3297ED0D300369F99 /* PBXContainerItemProxy */;
		};
/* End PBXTargetDependency section */

/* Begin PBXVariantGroup section */
		03814B88297ED0D000369F99 /* Main.storyboard */ = {
			isa = PBXVariantGroup;
			children = (
				03814B89297ED0D000369F99 /* Base */,
			);
			name = Main.storyboard;
			sourceTree = "<group>";
		};
		03814B90297ED0D200369F99 /* LaunchScreen.storyboard */ = {
			isa = PBXVariantGroup;
			children = (
				03814B91297ED0D200369F99 /* Base */,
			);
			name = LaunchScreen.storyboard;
			sourceTree = "<group>";
		};
/* End PBXVariantGroup section */

/* Begin XCBuildConfiguration section */
		03814BAA297ED0D300369F99 /* Debug */ = {
			isa = XCBuildConfiguration;
			buildSettings = {
				ALWAYS_SEARCH_USER_PATHS = NO;
				CLANG_ANALYZER_NONNULL = YES;
				CLANG_ANALYZER_NUMBER_OBJECT_CONVERSION = YES_AGGRESSIVE;
				CLANG_CXX_LANGUAGE_STANDARD = "gnu++20";
				CLANG_ENABLE_MODULES = YES;
				CLANG_ENABLE_OBJC_ARC = YES;
				CLANG_ENABLE_OBJC_WEAK = YES;
				CLANG_WARN_BLOCK_CAPTURE_AUTORELEASING = YES;
				CLANG_WARN_BOOL_CONVERSION = YES;
				CLANG_WARN_COMMA = YES;
				CLANG_WARN_CONSTANT_CONVERSION = YES;
				CLANG_WARN_DEPRECATED_OBJC_IMPLEMENTATIONS = YES;
				CLANG_WARN_DIRECT_OBJC_ISA_USAGE = YES_ERROR;
				CLANG_WARN_DOCUMENTATION_COMMENTS = YES;
				CLANG_WARN_EMPTY_BODY = YES;
				CLANG_WARN_ENUM_CONVERSION = YES;
				CLANG_WARN_INFINITE_RECURSION = YES;
				CLANG_WARN_INT_CONVERSION = YES;
				CLANG_WARN_NON_LITERAL_NULL_CONVERSION = YES;
				CLANG_WARN_OBJC_IMPLICIT_RETAIN_SELF = YES;
				CLANG_WARN_OBJC_LITERAL_CONVERSION = YES;
				CLANG_WARN_OBJC_ROOT_CLASS = YES_ERROR;
				CLANG_WARN_QUOTED_INCLUDE_IN_FRAMEWORK_HEADER = YES;
				CLANG_WARN_RANGE_LOOP_ANALYSIS = YES;
				CLANG_WARN_STRICT_PROTOTYPES = YES;
				CLANG_WARN_SUSPICIOUS_MOVE = YES;
				CLANG_WARN_UNGUARDED_AVAILABILITY = YES_AGGRESSIVE;
				CLANG_WARN_UNREACHABLE_CODE = YES;
				CLANG_WARN__DUPLICATE_METHOD_MATCH = YES;
				COPY_PHASE_STRIP = NO;
				DEBUG_INFORMATION_FORMAT = dwarf;
				ENABLE_STRICT_OBJC_MSGSEND = YES;
				ENABLE_TESTABILITY = YES;
				GCC_C_LANGUAGE_STANDARD = gnu11;
				GCC_DYNAMIC_NO_PIC = NO;
				GCC_NO_COMMON_BLOCKS = YES;
				GCC_OPTIMIZATION_LEVEL = 0;
				GCC_PREPROCESSOR_DEFINITIONS = (
					"DEBUG=1",
					"$(inherited)",
				);
				GCC_WARN_64_TO_32_BIT_CONVERSION = YES;
				GCC_WARN_ABOUT_RETURN_TYPE = YES_ERROR;
				GCC_WARN_UNDECLARED_SELECTOR = YES;
				GCC_WARN_UNINITIALIZED_AUTOS = YES_AGGRESSIVE;
				GCC_WARN_UNUSED_FUNCTION = YES;
				GCC_WARN_UNUSED_VARIABLE = YES;
				IPHONEOS_DEPLOYMENT_TARGET = 16.2;
				MTL_ENABLE_DEBUG_INFO = INCLUDE_SOURCE;
				MTL_FAST_MATH = YES;
				ONLY_ACTIVE_ARCH = YES;
				SDKROOT = iphoneos;
				SWIFT_ACTIVE_COMPILATION_CONDITIONS = DEBUG;
				SWIFT_OPTIMIZATION_LEVEL = "-Onone";
			};
			name = Debug;
		};
		03814BAB297ED0D300369F99 /* Release */ = {
			isa = XCBuildConfiguration;
			buildSettings = {
				ALWAYS_SEARCH_USER_PATHS = NO;
				CLANG_ANALYZER_NONNULL = YES;
				CLANG_ANALYZER_NUMBER_OBJECT_CONVERSION = YES_AGGRESSIVE;
				CLANG_CXX_LANGUAGE_STANDARD = "gnu++20";
				CLANG_ENABLE_MODULES = YES;
				CLANG_ENABLE_OBJC_ARC = YES;
				CLANG_ENABLE_OBJC_WEAK = YES;
				CLANG_WARN_BLOCK_CAPTURE_AUTORELEASING = YES;
				CLANG_WARN_BOOL_CONVERSION = YES;
				CLANG_WARN_COMMA = YES;
				CLANG_WARN_CONSTANT_CONVERSION = YES;
				CLANG_WARN_DEPRECATED_OBJC_IMPLEMENTATIONS = YES;
				CLANG_WARN_DIRECT_OBJC_ISA_USAGE = YES_ERROR;
				CLANG_WARN_DOCUMENTATION_COMMENTS = YES;
				CLANG_WARN_EMPTY_BODY = YES;
				CLANG_WARN_ENUM_CONVERSION = YES;
				CLANG_WARN_INFINITE_RECURSION = YES;
				CLANG_WARN_INT_CONVERSION = YES;
				CLANG_WARN_NON_LITERAL_NULL_CONVERSION = YES;
				CLANG_WARN_OBJC_IMPLICIT_RETAIN_SELF = YES;
				CLANG_WARN_OBJC_LITERAL_CONVERSION = YES;
				CLANG_WARN_OBJC_ROOT_CLASS = YES_ERROR;
				CLANG_WARN_QUOTED_INCLUDE_IN_FRAMEWORK_HEADER = YES;
				CLANG_WARN_RANGE_LOOP_ANALYSIS = YES;
				CLANG_WARN_STRICT_PROTOTYPES = YES;
				CLANG_WARN_SUSPICIOUS_MOVE = YES;
				CLANG_WARN_UNGUARDED_AVAILABILITY = YES_AGGRESSIVE;
				CLANG_WARN_UNREACHABLE_CODE = YES;
				CLANG_WARN__DUPLICATE_METHOD_MATCH = YES;
				COPY_PHASE_STRIP = NO;
				DEBUG_INFORMATION_FORMAT = "dwarf-with-dsym";
				ENABLE_NS_ASSERTIONS = NO;
				ENABLE_STRICT_OBJC_MSGSEND = YES;
				GCC_C_LANGUAGE_STANDARD = gnu11;
				GCC_NO_COMMON_BLOCKS = YES;
				GCC_WARN_64_TO_32_BIT_CONVERSION = YES;
				GCC_WARN_ABOUT_RETURN_TYPE = YES_ERROR;
				GCC_WARN_UNDECLARED_SELECTOR = YES;
				GCC_WARN_UNINITIALIZED_AUTOS = YES_AGGRESSIVE;
				GCC_WARN_UNUSED_FUNCTION = YES;
				GCC_WARN_UNUSED_VARIABLE = YES;
				IPHONEOS_DEPLOYMENT_TARGET = 16.2;
				MTL_ENABLE_DEBUG_INFO = NO;
				MTL_FAST_MATH = YES;
				SDKROOT = iphoneos;
				SWIFT_COMPILATION_MODE = wholemodule;
				SWIFT_OPTIMIZATION_LEVEL = "-O";
				VALIDATE_PRODUCT = YES;
			};
			name = Release;
		};
		03814BAD297ED0D300369F99 /* Debug */ = {
			isa = XCBuildConfiguration;
			buildSettings = {
				ASSETCATALOG_COMPILER_APPICON_NAME = AppIcon;
				ASSETCATALOG_COMPILER_GLOBAL_ACCENT_COLOR_NAME = AccentColor;
				CODE_SIGN_STYLE = Automatic;
				CURRENT_PROJECT_VERSION = 1;
				GENERATE_INFOPLIST_FILE = YES;
				INFOPLIST_FILE = EmojiTable/Info.plist;
				INFOPLIST_KEY_UIApplicationSupportsIndirectInputEvents = YES;
				INFOPLIST_KEY_UILaunchStoryboardName = LaunchScreen;
				INFOPLIST_KEY_UIMainStoryboardFile = Main;
				INFOPLIST_KEY_UISupportedInterfaceOrientations_iPad = "UIInterfaceOrientationPortrait UIInterfaceOrientationPortraitUpsideDown UIInterfaceOrientationLandscapeLeft UIInterfaceOrientationLandscapeRight";
				INFOPLIST_KEY_UISupportedInterfaceOrientations_iPhone = "UIInterfaceOrientationPortrait UIInterfaceOrientationLandscapeLeft UIInterfaceOrientationLandscapeRight";
				LD_RUNPATH_SEARCH_PATHS = (
					"$(inherited)",
					"@executable_path/Frameworks",
				);
				MARKETING_VERSION = 1.0;
				PRODUCT_BUNDLE_IDENTIFIER = ITI.EmojiTable;
				PRODUCT_NAME = "$(TARGET_NAME)";
				SWIFT_EMIT_LOC_STRINGS = YES;
				SWIFT_VERSION = 5.0;
				TARGETED_DEVICE_FAMILY = "1,2";
			};
			name = Debug;
		};
		03814BAE297ED0D300369F99 /* Release */ = {
			isa = XCBuildConfiguration;
			buildSettings = {
				ASSETCATALOG_COMPILER_APPICON_NAME = AppIcon;
				ASSETCATALOG_COMPILER_GLOBAL_ACCENT_COLOR_NAME = AccentColor;
				CODE_SIGN_STYLE = Automatic;
				CURRENT_PROJECT_VERSION = 1;
				GENERATE_INFOPLIST_FILE = YES;
				INFOPLIST_FILE = EmojiTable/Info.plist;
				INFOPLIST_KEY_UIApplicationSupportsIndirectInputEvents = YES;
				INFOPLIST_KEY_UILaunchStoryboardName = LaunchScreen;
				INFOPLIST_KEY_UIMainStoryboardFile = Main;
				INFOPLIST_KEY_UISupportedInterfaceOrientations_iPad = "UIInterfaceOrientationPortrait UIInterfaceOrientationPortraitUpsideDown UIInterfaceOrientationLandscapeLeft UIInterfaceOrientationLandscapeRight";
				INFOPLIST_KEY_UISupportedInterfaceOrientations_iPhone = "UIInterfaceOrientationPortrait UIInterfaceOrientationLandscapeLeft UIInterfaceOrientationLandscapeRight";
				LD_RUNPATH_SEARCH_PATHS = (
					"$(inherited)",
					"@executable_path/Frameworks",
				);
				MARKETING_VERSION = 1.0;
				PRODUCT_BUNDLE_IDENTIFIER = ITI.EmojiTable;
				PRODUCT_NAME = "$(TARGET_NAME)";
				SWIFT_EMIT_LOC_STRINGS = YES;
				SWIFT_VERSION = 5.0;
				TARGETED_DEVICE_FAMILY = "1,2";
			};
			name = Release;
		};
		03814BB0297ED0D300369F99 /* Debug */ = {
			isa = XCBuildConfiguration;
			buildSettings = {
				ALWAYS_EMBED_SWIFT_STANDARD_LIBRARIES = YES;
				BUNDLE_LOADER = "$(TEST_HOST)";
				CODE_SIGN_STYLE = Automatic;
				CURRENT_PROJECT_VERSION = 1;
				GENERATE_INFOPLIST_FILE = YES;
				IPHONEOS_DEPLOYMENT_TARGET = 16.2;
				MARKETING_VERSION = 1.0;
				PRODUCT_BUNDLE_IDENTIFIER = ITI.EmojiTableTests;
				PRODUCT_NAME = "$(TARGET_NAME)";
				SWIFT_EMIT_LOC_STRINGS = NO;
				SWIFT_VERSION = 5.0;
				TARGETED_DEVICE_FAMILY = "1,2";
				TEST_HOST = "$(BUILT_PRODUCTS_DIR)/EmojiTable.app/$(BUNDLE_EXECUTABLE_FOLDER_PATH)/EmojiTable";
			};
			name = Debug;
		};
		03814BB1297ED0D300369F99 /* Release */ = {
			isa = XCBuildConfiguration;
			buildSettings = {
				ALWAYS_EMBED_SWIFT_STANDARD_LIBRARIES = YES;
				BUNDLE_LOADER = "$(TEST_HOST)";
				CODE_SIGN_STYLE = Automatic;
				CURRENT_PROJECT_VERSION = 1;
				GENERATE_INFOPLIST_FILE = YES;
				IPHONEOS_DEPLOYMENT_TARGET = 16.2;
				MARKETING_VERSION = 1.0;
				PRODUCT_BUNDLE_IDENTIFIER = ITI.EmojiTableTests;
				PRODUCT_NAME = "$(TARGET_NAME)";
				SWIFT_EMIT_LOC_STRINGS = NO;
				SWIFT_VERSION = 5.0;
				TARGETED_DEVICE_FAMILY = "1,2";
				TEST_HOST = "$(BUILT_PRODUCTS_DIR)/EmojiTable.app/$(BUNDLE_EXECUTABLE_FOLDER_PATH)/EmojiTable";
			};
			name = Release;
		};
		03814BB3297ED0D300369F99 /* Debug */ = {
			isa = XCBuildConfiguration;
			buildSettings = {
				ALWAYS_EMBED_SWIFT_STANDARD_LIBRARIES = YES;
				CODE_SIGN_STYLE = Automatic;
				CURRENT_PROJECT_VERSION = 1;
				GENERATE_INFOPLIST_FILE = YES;
				MARKETING_VERSION = 1.0;
				PRODUCT_BUNDLE_IDENTIFIER = ITI.EmojiTableUITests;
				PRODUCT_NAME = "$(TARGET_NAME)";
				SWIFT_EMIT_LOC_STRINGS = NO;
				SWIFT_VERSION = 5.0;
				TARGETED_DEVICE_FAMILY = "1,2";
				TEST_TARGET_NAME = EmojiTable;
			};
			name = Debug;
		};
		03814BB4297ED0D300369F99 /* Release */ = {
			isa = XCBuildConfiguration;
			buildSettings = {
				ALWAYS_EMBED_SWIFT_STANDARD_LIBRARIES = YES;
				CODE_SIGN_STYLE = Automatic;
				CURRENT_PROJECT_VERSION = 1;
				GENERATE_INFOPLIST_FILE = YES;
				MARKETING_VERSION = 1.0;
				PRODUCT_BUNDLE_IDENTIFIER = ITI.EmojiTableUITests;
				PRODUCT_NAME = "$(TARGET_NAME)";
				SWIFT_EMIT_LOC_STRINGS = NO;
				SWIFT_VERSION = 5.0;
				TARGETED_DEVICE_FAMILY = "1,2";
				TEST_TARGET_NAME = EmojiTable;
			};
			name = Release;
		};
/* End XCBuildConfiguration section */

/* Begin XCConfigurationList section */
		03814B7A297ED0D000369F99 /* Build configuration list for PBXProject "EmojiTable" */ = {
			isa = XCConfigurationList;
			buildConfigurations = (
				03814BAA297ED0D300369F99 /* Debug */,
				03814BAB297ED0D300369F99 /* Release */,
			);
			defaultConfigurationIsVisible = 0;
			defaultConfigurationName = Release;
		};
		03814BAC297ED0D300369F99 /* Build configuration list for PBXNativeTarget "EmojiTable" */ = {
			isa = XCConfigurationList;
			buildConfigurations = (
				03814BAD297ED0D300369F99 /* Debug */,
				03814BAE297ED0D300369F99 /* Release */,
			);
			defaultConfigurationIsVisible = 0;
			defaultConfigurationName = Release;
		};
		03814BAF297ED0D300369F99 /* Build configuration list for PBXNativeTarget "EmojiTableTests" */ = {
			isa = XCConfigurationList;
			buildConfigurations = (
				03814BB0297ED0D300369F99 /* Debug */,
				03814BB1297ED0D300369F99 /* Release */,
			);
			defaultConfigurationIsVisible = 0;
			defaultConfigurationName = Release;
		};
		03814BB2297ED0D300369F99 /* Build configuration list for PBXNativeTarget "EmojiTableUITests" */ = {
			isa = XCConfigurationList;
			buildConfigurations = (
				03814BB3297ED0D300369F99 /* Debug */,
				03814BB4297ED0D300369F99 /* Release */,
			);
			defaultConfigurationIsVisible = 0;
			defaultConfigurationName = Release;
		};
/* End XCConfigurationList section */

/* Begin XCVersionGroup section */
		03814B8B297ED0D000369F99 /* EmojiTable.xcdatamodeld */ = {
			isa = XCVersionGroup;
			children = (
				03814B8C297ED0D000369F99 /* EmojiTable.xcdatamodel */,
			);
			currentVersion = 03814B8C297ED0D000369F99 /* EmojiTable.xcdatamodel */;
			path = EmojiTable.xcdatamodeld;
			sourceTree = "<group>";
			versionGroupType = wrapper.xcdatamodel;
		};
/* End XCVersionGroup section */
	};
	rootObject = 03814B77297ED0D000369F99 /* Project object */;
}
